
Microsoft Visual Studio Solution File, Format Version 12.00
# Visual Studio Version 16
VisualStudioVersion = 16.0.33927.289
MinimumVisualStudioVersion = 10.0.40219.1
Project("{FAE04EC0-301F-11D3-BF4B-00C04F79EFBC}") = "keylogger4", "keylogger4\keylogger4.csproj", "{8EB70FF9-3CE9-48C5-A74C-A0BC46B24898}"
EndProject
Global
	GlobalSection(SolutionConfigurationPlatforms) = preSolution
		Debug|Any CPU = Debug|Any CPU
		Release|Any CPU = Release|Any CPU
	EndGlobalSection
	GlobalSection(ProjectConfigurationPlatforms) = postSolution
		{8EB70FF9-3CE9-48C5-A74C-A0BC46B24898}.Debug|Any CPU.ActiveCfg = Debug|Any CPU
		{8EB70FF9-3CE9-48C5-A74C-A0BC46B24898}.Debug|Any CPU.Build.0 = Debug|Any CPU
		{8EB70FF9-3CE9-48C5-A74C-A0BC46B24898}.Release|Any CPU.ActiveCfg = Release|Any CPU
		{8EB70FF9-3CE9-48C5-A74C-A0BC46B24898}.Release|Any CPU.Build.0 = Release|Any CPU
	EndGlobalSection
	GlobalSection(SolutionProperties) = preSolution
		HideSolutionNode = FALSE
	EndGlobalSection
	GlobalSection(ExtensibilityGlobals) = postSolution
		SolutionGuid = {A897CBC3-ABE0-4E85-9675-10159D8D3736}
	EndGlobalSection
EndGlobal
